
Microsoft Visual Studio Solution File, Format Version 12.00
# Visual Studio Version 17
VisualStudioVersion = 17.13.35931.197 d17.13
MinimumVisualStudioVersion = 10.0.40219.1
Project("{FAE04EC0-301F-11D3-BF4B-00C04F79EFBC}") = "BloodDonor.Mvc", "BloodDonor.Mvc\BloodDonor.Mvc.csproj", "{6D4D225E-A491-48B1-B29E-760CB7BBD56B}"
EndProject
Global
	GlobalSection(SolutionConfigurationPlatforms) = preSolution
		Debug|Any CPU = Debug|Any CPU
		Release|Any CPU = Release|Any CPU
	EndGlobalSection
	GlobalSection(ProjectConfigurationPlatforms) = postSolution
		{6D4D225E-A491-48B1-B29E-760CB7BBD56B}.Debug|Any CPU.ActiveCfg = Debug|Any CPU
		{6D4D225E-A491-48B1-B29E-760CB7BBD56B}.Debug|Any CPU.Build.0 = Debug|Any CPU
		{6D4D225E-A491-48B1-B29E-760CB7BBD56B}.Release|Any CPU.ActiveCfg = Release|Any CPU
		{6D4D225E-A491-48B1-B29E-760CB7BBD56B}.Release|Any CPU.Build.0 = Release|Any CPU
	EndGlobalSection
	GlobalSection(SolutionProperties) = preSolution
		HideSolutionNode = FALSE
	EndGlobalSection
	GlobalSection(ExtensibilityGlobals) = postSolution
		SolutionGuid = {FD2F3F87-691A-4555-A314-045549706AC1}
	EndGlobalSection
EndGlobal
